
Microsoft Visual Studio Solution File, Format Version 12.00
# Visual Studio Version 17
VisualStudioVersion = 17.5.33516.290
MinimumVisualStudioVersion = 10.0.40219.1
Project("{FAE04EC0-301F-11D3-BF4B-00C04F79EFBC}") = "PROG_POE_Jake_young_ST10081936", "PROG_POE_Jake_young_ST10081936\PROG_POE_Jake_young_ST10081936.csproj", "{01E27B35-B060-407A-988A-4DD4E0526069}"
EndProject
Project("{FAE04EC0-301F-11D3-BF4B-00C04F79EFBC}") = "DeweyDecimalLibrary", "DeweyDecimalLibrary\DeweyDecimalLibrary.csproj", "{6D341642-C996-43EA-ACB2-57BFD510ABA2}"
EndProject
Global
	GlobalSection(SolutionConfigurationPlatforms) = preSolution
		Debug|Any CPU = Debug|Any CPU
		Release|Any CPU = Release|Any CPU
	EndGlobalSection
	GlobalSection(ProjectConfigurationPlatforms) = postSolution
		{01E27B35-B060-407A-988A-4DD4E0526069}.Debug|Any CPU.ActiveCfg = Debug|Any CPU
		{01E27B35-B060-407A-988A-4DD4E0526069}.Debug|Any CPU.Build.0 = Debug|Any CPU
		{01E27B35-B060-407A-988A-4DD4E0526069}.Release|Any CPU.ActiveCfg = Release|Any CPU
		{01E27B35-B060-407A-988A-4DD4E0526069}.Release|Any CPU.Build.0 = Release|Any CPU
		{6D341642-C996-43EA-ACB2-57BFD510ABA2}.Debug|Any CPU.ActiveCfg = Debug|Any CPU
		{6D341642-C996-43EA-ACB2-57BFD510ABA2}.Debug|Any CPU.Build.0 = Debug|Any CPU
		{6D341642-C996-43EA-ACB2-57BFD510ABA2}.Release|Any CPU.ActiveCfg = Release|Any CPU
		{6D341642-C996-43EA-ACB2-57BFD510ABA2}.Release|Any CPU.Build.0 = Release|Any CPU
	EndGlobalSection
	GlobalSection(SolutionProperties) = preSolution
		HideSolutionNode = FALSE
	EndGlobalSection
	GlobalSection(ExtensibilityGlobals) = postSolution
		SolutionGuid = {A3022DF0-A267-4778-8574-A9F3FFF9150A}
	EndGlobalSection
EndGlobal
